// !$*UTF8*$!
{
	archiveVersion = 1;
	classes = {
	};
	objectVersion = 56;
	objects = {

/* Begin PBXBuildFile section */
		431DD74B2C63CEFE00DE1AA5 /* CoredataManager.swift in Sources */ = {isa = PBXBuildFile; fileRef = 431DD74A2C63CEFE00DE1AA5 /* CoredataManager.swift */; };
		431DD7502C63CF6800DE1AA5 /* OrderFormEntity+CoreDataClass.swift in Sources */ = {isa = PBXBuildFile; fileRef = 431DD74C2C63CF6800DE1AA5 /* OrderFormEntity+CoreDataClass.swift */; };
		431DD7512C63CF6800DE1AA5 /* OrderFormEntity+CoreDataProperties.swift in Sources */ = {isa = PBXBuildFile; fileRef = 431DD74D2C63CF6800DE1AA5 /* OrderFormEntity+CoreDataProperties.swift */; };
		431DD7522C63CF6800DE1AA5 /* CakeElementEntity+CoreDataClass.swift in Sources */ = {isa = PBXBuildFile; fileRef = 431DD74E2C63CF6800DE1AA5 /* CakeElementEntity+CoreDataClass.swift */; };
		431DD7532C63CF6800DE1AA5 /* CakeElementEntity+CoreDataProperties.swift in Sources */ = {isa = PBXBuildFile; fileRef = 431DD74F2C63CF6800DE1AA5 /* CakeElementEntity+CoreDataProperties.swift */; };
		43D4330E2C6210F70021DBEB /* FinalConceptKeywordComponent.swift in Sources */ = {isa = PBXBuildFile; fileRef = 43D4330D2C6210F70021DBEB /* FinalConceptKeywordComponent.swift */; };
		43DB14832C5C63E100F722D6 /* GmarketSansMedium.otf in Resources */ = {isa = PBXBuildFile; fileRef = 43DB14822C5C63E100F722D6 /* GmarketSansMedium.otf */; };
		43DB14882C5C642300F722D6 /* SFProDisplay-Medium.otf in Resources */ = {isa = PBXBuildFile; fileRef = 43DB14842C5C642300F722D6 /* SFProDisplay-Medium.otf */; };
		43DB14892C5C642300F722D6 /* SFProDisplay-Semibold.otf in Resources */ = {isa = PBXBuildFile; fileRef = 43DB14852C5C642300F722D6 /* SFProDisplay-Semibold.otf */; };
		43DB148A2C5C642300F722D6 /* SFProDisplay-Bold.otf in Resources */ = {isa = PBXBuildFile; fileRef = 43DB14862C5C642300F722D6 /* SFProDisplay-Bold.otf */; };
		43DB148B2C5C642300F722D6 /* SFProDisplay-Regular.otf in Resources */ = {isa = PBXBuildFile; fileRef = 43DB14872C5C642300F722D6 /* SFProDisplay-Regular.otf */; };
		43DB148D2C5C643A00F722D6 /* SFProRounded-Semibold.otf in Resources */ = {isa = PBXBuildFile; fileRef = 43DB148C2C5C643A00F722D6 /* SFProRounded-Semibold.otf */; };
		43DB14922C5C6A8700F722D6 /* JCfg.ttf in Resources */ = {isa = PBXBuildFile; fileRef = 43DB14912C5C6A8700F722D6 /* JCfg.ttf */; };
		43DB14952C5C7AAB00F722D6 /* FinalGuideView.swift in Sources */ = {isa = PBXBuildFile; fileRef = 43DB14942C5C7AAB00F722D6 /* FinalGuideView.swift */; };
		43DB14A02C5EA3C600F722D6 /* GuideImageComponent.swift in Sources */ = {isa = PBXBuildFile; fileRef = 43DB149F2C5EA3C600F722D6 /* GuideImageComponent.swift */; };
		43DB14A22C5EA3E600F722D6 /* FinalElementKeywordComponent.swift in Sources */ = {isa = PBXBuildFile; fileRef = 43DB14A12C5EA3E600F722D6 /* FinalElementKeywordComponent.swift */; };
		43DB14A42C5EBDF400F722D6 /* FinalColorComponent.swift in Sources */ = {isa = PBXBuildFile; fileRef = 43DB14A32C5EBDF400F722D6 /* FinalColorComponent.swift */; };
		43DB14A82C5F961400F722D6 /* CanvasBG.swift in Sources */ = {isa = PBXBuildFile; fileRef = 43DB14A72C5F961400F722D6 /* CanvasBG.swift */; };
		43DB14AA2C5F963100F722D6 /* DraggableImage.swift in Sources */ = {isa = PBXBuildFile; fileRef = 43DB14A92C5F963100F722D6 /* DraggableImage.swift */; };
		86034B962C51DAA4006106BC /* SgrrApp.swift in Sources */ = {isa = PBXBuildFile; fileRef = 86034B952C51DAA4006106BC /* SgrrApp.swift */; };
		86034B9A2C51DAA5006106BC /* Assets.xcassets in Resources */ = {isa = PBXBuildFile; fileRef = 86034B992C51DAA5006106BC /* Assets.xcassets */; };
		86034B9D2C51DAA5006106BC /* Preview Assets.xcassets in Resources */ = {isa = PBXBuildFile; fileRef = 86034B9C2C51DAA5006106BC /* Preview Assets.xcassets */; };
		86034BA22C51DAA5006106BC /* Sgrr.xcdatamodeld in Sources */ = {isa = PBXBuildFile; fileRef = 86034BA02C51DAA5006106BC /* Sgrr.xcdatamodeld */; };
		86034BAA2C5234CB006106BC /* Cake3DView.swift in Sources */ = {isa = PBXBuildFile; fileRef = 86034BA92C5234CB006106BC /* Cake3DView.swift */; };
		860C87E92C535D4C00D9FC24 /* cakeTray.usdz in Resources */ = {isa = PBXBuildFile; fileRef = 860C87E72C535D4C00D9FC24 /* cakeTray.usdz */; };
		860C87EA2C535D4C00D9FC24 /* cakeModel.usdz in Resources */ = {isa = PBXBuildFile; fileRef = 860C87E82C535D4C00D9FC24 /* cakeModel.usdz */; };
		860C880E2C58C74B00D9FC24 /* CakeCanvasView.swift in Sources */ = {isa = PBXBuildFile; fileRef = 860C880D2C58C74B00D9FC24 /* CakeCanvasView.swift */; };
		8640316E2C5B582500666B91 /* CakeView.swift in Sources */ = {isa = PBXBuildFile; fileRef = 8640316D2C5B582500666B91 /* CakeView.swift */; };
		864031702C5B5C4D00666B91 /* Router.swift in Sources */ = {isa = PBXBuildFile; fileRef = 8640316F2C5B5C4D00666B91 /* Router.swift */; };
		864031742C5B5CA200666B91 /* HomeView.swift in Sources */ = {isa = PBXBuildFile; fileRef = 864031732C5B5CA200666B91 /* HomeView.swift */; };
		864031782C5B5E3200666B91 /* ConceptView.swift in Sources */ = {isa = PBXBuildFile; fileRef = 864031772C5B5E3200666B91 /* ConceptView.swift */; };
		8640317A2C5B5E5100666B91 /* ElementView.swift in Sources */ = {isa = PBXBuildFile; fileRef = 864031792C5B5E5100666B91 /* ElementView.swift */; };
		864031A82C5B925400666B91 /* Extension+Font.swift in Sources */ = {isa = PBXBuildFile; fileRef = 864031A72C5B925400666B91 /* Extension+Font.swift */; };
		86D737062C5A887200078D47 /* Cake.swift in Sources */ = {isa = PBXBuildFile; fileRef = 86D737052C5A887200078D47 /* Cake.swift */; };
		953EC5F92C53C6B2002E5876 /* OrderFormView.swift in Sources */ = {isa = PBXBuildFile; fileRef = 953EC5F82C53C6B2002E5876 /* OrderFormView.swift */; };
		95DC46832C5A23FE00AFC976 /* ColorCell.swift in Sources */ = {isa = PBXBuildFile; fileRef = 95DC46822C5A23FE00AFC976 /* ColorCell.swift */; };
		95EACC392C58E3E900F64E8F /* Extension.swift in Sources */ = {isa = PBXBuildFile; fileRef = 95EACC382C58E3E900F64E8F /* Extension.swift */; };
		95EEC50D2C634E9F0043C23D /* ImageCell.swift in Sources */ = {isa = PBXBuildFile; fileRef = 95EEC50C2C634E9F0043C23D /* ImageCell.swift */; };
		95EEC50F2C635D290043C23D /* TextfieldCell.swift in Sources */ = {isa = PBXBuildFile; fileRef = 95EEC50E2C635D290043C23D /* TextfieldCell.swift */; };
		A86B9E6B2C61541A00DB8F42 /* Extention+View.swift in Sources */ = {isa = PBXBuildFile; fileRef = A86B9E6A2C61541A00DB8F42 /* Extention+View.swift */; };
/* End PBXBuildFile section */

/* Begin PBXFileReference section */
		431DD74A2C63CEFE00DE1AA5 /* CoredataManager.swift */ = {isa = PBXFileReference; lastKnownFileType = sourcecode.swift; path = CoredataManager.swift; sourceTree = "<group>"; };
		431DD74C2C63CF6800DE1AA5 /* OrderFormEntity+CoreDataClass.swift */ = {isa = PBXFileReference; lastKnownFileType = sourcecode.swift; path = "OrderFormEntity+CoreDataClass.swift"; sourceTree = "<group>"; };
		431DD74D2C63CF6800DE1AA5 /* OrderFormEntity+CoreDataProperties.swift */ = {isa = PBXFileReference; lastKnownFileType = sourcecode.swift; path = "OrderFormEntity+CoreDataProperties.swift"; sourceTree = "<group>"; };
		431DD74E2C63CF6800DE1AA5 /* CakeElementEntity+CoreDataClass.swift */ = {isa = PBXFileReference; lastKnownFileType = sourcecode.swift; path = "CakeElementEntity+CoreDataClass.swift"; sourceTree = "<group>"; };
		431DD74F2C63CF6800DE1AA5 /* CakeElementEntity+CoreDataProperties.swift */ = {isa = PBXFileReference; lastKnownFileType = sourcecode.swift; path = "CakeElementEntity+CoreDataProperties.swift"; sourceTree = "<group>"; };
		43D4330D2C6210F70021DBEB /* FinalConceptKeywordComponent.swift */ = {isa = PBXFileReference; lastKnownFileType = sourcecode.swift; path = FinalConceptKeywordComponent.swift; sourceTree = "<group>"; };
		43DB14822C5C63E100F722D6 /* GmarketSansMedium.otf */ = {isa = PBXFileReference; lastKnownFileType = file; path = GmarketSansMedium.otf; sourceTree = "<group>"; };
		43DB14842C5C642300F722D6 /* SFProDisplay-Medium.otf */ = {isa = PBXFileReference; lastKnownFileType = file; path = "SFProDisplay-Medium.otf"; sourceTree = "<group>"; };
		43DB14852C5C642300F722D6 /* SFProDisplay-Semibold.otf */ = {isa = PBXFileReference; lastKnownFileType = file; path = "SFProDisplay-Semibold.otf"; sourceTree = "<group>"; };
		43DB14862C5C642300F722D6 /* SFProDisplay-Bold.otf */ = {isa = PBXFileReference; lastKnownFileType = file; path = "SFProDisplay-Bold.otf"; sourceTree = "<group>"; };
		43DB14872C5C642300F722D6 /* SFProDisplay-Regular.otf */ = {isa = PBXFileReference; lastKnownFileType = file; path = "SFProDisplay-Regular.otf"; sourceTree = "<group>"; };
		43DB148C2C5C643A00F722D6 /* SFProRounded-Semibold.otf */ = {isa = PBXFileReference; lastKnownFileType = file; path = "SFProRounded-Semibold.otf"; sourceTree = "<group>"; };
		43DB14902C5C688C00F722D6 /* Info.plist */ = {isa = PBXFileReference; lastKnownFileType = text.plist; path = Info.plist; sourceTree = "<group>"; };
		43DB14912C5C6A8700F722D6 /* JCfg.ttf */ = {isa = PBXFileReference; lastKnownFileType = file; path = JCfg.ttf; sourceTree = "<group>"; };
		43DB14942C5C7AAB00F722D6 /* FinalGuideView.swift */ = {isa = PBXFileReference; lastKnownFileType = sourcecode.swift; path = FinalGuideView.swift; sourceTree = "<group>"; };
		43DB149F2C5EA3C600F722D6 /* GuideImageComponent.swift */ = {isa = PBXFileReference; lastKnownFileType = sourcecode.swift; path = GuideImageComponent.swift; sourceTree = "<group>"; };
		43DB14A12C5EA3E600F722D6 /* FinalElementKeywordComponent.swift */ = {isa = PBXFileReference; lastKnownFileType = sourcecode.swift; path = FinalElementKeywordComponent.swift; sourceTree = "<group>"; };
		43DB14A32C5EBDF400F722D6 /* FinalColorComponent.swift */ = {isa = PBXFileReference; lastKnownFileType = sourcecode.swift; path = FinalColorComponent.swift; sourceTree = "<group>"; };
		43DB14A72C5F961400F722D6 /* CanvasBG.swift */ = {isa = PBXFileReference; lastKnownFileType = sourcecode.swift; path = CanvasBG.swift; sourceTree = "<group>"; };
		43DB14A92C5F963100F722D6 /* DraggableImage.swift */ = {isa = PBXFileReference; lastKnownFileType = sourcecode.swift; path = DraggableImage.swift; sourceTree = "<group>"; };
		86034B922C51DAA4006106BC /* Sgrr.app */ = {isa = PBXFileReference; explicitFileType = wrapper.application; includeInIndex = 0; path = Sgrr.app; sourceTree = BUILT_PRODUCTS_DIR; };
		86034B952C51DAA4006106BC /* SgrrApp.swift */ = {isa = PBXFileReference; lastKnownFileType = sourcecode.swift; path = SgrrApp.swift; sourceTree = "<group>"; };
		86034B992C51DAA5006106BC /* Assets.xcassets */ = {isa = PBXFileReference; lastKnownFileType = folder.assetcatalog; path = Assets.xcassets; sourceTree = "<group>"; };
		86034B9C2C51DAA5006106BC /* Preview Assets.xcassets */ = {isa = PBXFileReference; lastKnownFileType = folder.assetcatalog; path = "Preview Assets.xcassets"; sourceTree = "<group>"; };
		86034BA12C51DAA5006106BC /* Sgrr.xcdatamodel */ = {isa = PBXFileReference; lastKnownFileType = wrapper.xcdatamodel; path = Sgrr.xcdatamodel; sourceTree = "<group>"; };
		86034BA92C5234CB006106BC /* Cake3DView.swift */ = {isa = PBXFileReference; lastKnownFileType = sourcecode.swift; path = Cake3DView.swift; sourceTree = "<group>"; };
		860C87E72C535D4C00D9FC24 /* cakeTray.usdz */ = {isa = PBXFileReference; lastKnownFileType = file.usdz; name = cakeTray.usdz; path = ../../../cakeScene/cakeTray.usdz; sourceTree = "<group>"; };
		860C87E82C535D4C00D9FC24 /* cakeModel.usdz */ = {isa = PBXFileReference; lastKnownFileType = file.usdz; name = cakeModel.usdz; path = ../../../cakeScene/cakeModel.usdz; sourceTree = "<group>"; };
		860C880D2C58C74B00D9FC24 /* CakeCanvasView.swift */ = {isa = PBXFileReference; lastKnownFileType = sourcecode.swift; path = CakeCanvasView.swift; sourceTree = "<group>"; };
		8640316D2C5B582500666B91 /* CakeView.swift */ = {isa = PBXFileReference; lastKnownFileType = sourcecode.swift; path = CakeView.swift; sourceTree = "<group>"; };
		8640316F2C5B5C4D00666B91 /* Router.swift */ = {isa = PBXFileReference; lastKnownFileType = sourcecode.swift; path = Router.swift; sourceTree = "<group>"; };
		864031732C5B5CA200666B91 /* HomeView.swift */ = {isa = PBXFileReference; lastKnownFileType = sourcecode.swift; path = HomeView.swift; sourceTree = "<group>"; };
		864031772C5B5E3200666B91 /* ConceptView.swift */ = {isa = PBXFileReference; lastKnownFileType = sourcecode.swift; path = ConceptView.swift; sourceTree = "<group>"; };
		864031792C5B5E5100666B91 /* ElementView.swift */ = {isa = PBXFileReference; lastKnownFileType = sourcecode.swift; path = ElementView.swift; sourceTree = "<group>"; };
		864031A72C5B925400666B91 /* Extension+Font.swift */ = {isa = PBXFileReference; lastKnownFileType = sourcecode.swift; path = "Extension+Font.swift"; sourceTree = "<group>"; };
		86D737052C5A887200078D47 /* Cake.swift */ = {isa = PBXFileReference; lastKnownFileType = sourcecode.swift; path = Cake.swift; sourceTree = "<group>"; };
		953EC5F82C53C6B2002E5876 /* OrderFormView.swift */ = {isa = PBXFileReference; lastKnownFileType = sourcecode.swift; path = OrderFormView.swift; sourceTree = "<group>"; };
		95DC46822C5A23FE00AFC976 /* ColorCell.swift */ = {isa = PBXFileReference; lastKnownFileType = sourcecode.swift; path = ColorCell.swift; sourceTree = "<group>"; };
		95EACC382C58E3E900F64E8F /* Extension.swift */ = {isa = PBXFileReference; lastKnownFileType = sourcecode.swift; path = Extension.swift; sourceTree = "<group>"; };
		95EEC50C2C634E9F0043C23D /* ImageCell.swift */ = {isa = PBXFileReference; lastKnownFileType = sourcecode.swift; path = ImageCell.swift; sourceTree = "<group>"; };
		95EEC50E2C635D290043C23D /* TextfieldCell.swift */ = {isa = PBXFileReference; lastKnownFileType = sourcecode.swift; path = TextfieldCell.swift; sourceTree = "<group>"; };
		A86B9E6A2C61541A00DB8F42 /* Extention+View.swift */ = {isa = PBXFileReference; lastKnownFileType = sourcecode.swift; path = "Extention+View.swift"; sourceTree = "<group>"; };
/* End PBXFileReference section */

/* Begin PBXFrameworksBuildPhase section */
		86034B8F2C51DAA4006106BC /* Frameworks */ = {
			isa = PBXFrameworksBuildPhase;
			buildActionMask = 2147483647;
			files = (
			);
			runOnlyForDeploymentPostprocessing = 0;
		};
/* End PBXFrameworksBuildPhase section */

/* Begin PBXGroup section */
		43D7561D2C57355000D52E06 /* Model */ = {
			isa = PBXGroup;
			children = (
				86034BA02C51DAA5006106BC /* Sgrr.xcdatamodeld */,
				86D737052C5A887200078D47 /* Cake.swift */,
			);
			path = Model;
			sourceTree = "<group>";
		};
		43D7561E2C57730400D52E06 /* Manager */ = {
			isa = PBXGroup;
			children = (
				431DD74A2C63CEFE00DE1AA5 /* CoredataManager.swift */,
				8640316F2C5B5C4D00666B91 /* Router.swift */,
			);
			path = Manager;
			sourceTree = "<group>";
		};
		43DB14812C5C639200F722D6 /* Font */ = {
			isa = PBXGroup;
			children = (
				43DB14912C5C6A8700F722D6 /* JCfg.ttf */,
				43DB148C2C5C643A00F722D6 /* SFProRounded-Semibold.otf */,
				43DB14862C5C642300F722D6 /* SFProDisplay-Bold.otf */,
				43DB14842C5C642300F722D6 /* SFProDisplay-Medium.otf */,
				43DB14872C5C642300F722D6 /* SFProDisplay-Regular.otf */,
				43DB14852C5C642300F722D6 /* SFProDisplay-Semibold.otf */,
				43DB14822C5C63E100F722D6 /* GmarketSansMedium.otf */,
			);
			path = Font;
			sourceTree = "<group>";
		};
		43DB14932C5C7A5B00F722D6 /* FinalGuideView */ = {
			isa = PBXGroup;
			children = (
				43DB149E2C5EA36200F722D6 /* Component */,
				43DB14942C5C7AAB00F722D6 /* FinalGuideView.swift */,
			);
			path = FinalGuideView;
			sourceTree = "<group>";
		};
		43DB149E2C5EA36200F722D6 /* Component */ = {
			isa = PBXGroup;
			children = (
				43DB149F2C5EA3C600F722D6 /* GuideImageComponent.swift */,
				43DB14A12C5EA3E600F722D6 /* FinalElementKeywordComponent.swift */,
				43D4330D2C6210F70021DBEB /* FinalConceptKeywordComponent.swift */,
				43DB14A32C5EBDF400F722D6 /* FinalColorComponent.swift */,
			);
			path = Component;
			sourceTree = "<group>";
		};
		86034B892C51DAA4006106BC = {
			isa = PBXGroup;
			children = (
				431DD74C2C63CF6800DE1AA5 /* OrderFormEntity+CoreDataClass.swift */,
				431DD74D2C63CF6800DE1AA5 /* OrderFormEntity+CoreDataProperties.swift */,
				431DD74E2C63CF6800DE1AA5 /* CakeElementEntity+CoreDataClass.swift */,
				431DD74F2C63CF6800DE1AA5 /* CakeElementEntity+CoreDataProperties.swift */,
				86034B942C51DAA4006106BC /* Sgrr */,
				86034B932C51DAA4006106BC /* Products */,
			);
			sourceTree = "<group>";
		};
		86034B932C51DAA4006106BC /* Products */ = {
			isa = PBXGroup;
			children = (
				86034B922C51DAA4006106BC /* Sgrr.app */,
			);
			name = Products;
			sourceTree = "<group>";
		};
		86034B942C51DAA4006106BC /* Sgrr */ = {
			isa = PBXGroup;
			children = (
				43DB14932C5C7A5B00F722D6 /* FinalGuideView */,
				43DB14902C5C688C00F722D6 /* Info.plist */,
				43DB14812C5C639200F722D6 /* Font */,
				86034B952C51DAA4006106BC /* SgrrApp.swift */,
				864031722C5B5C8A00666B91 /* Home */,
				864031752C5B5D6300666B91 /* Orderform */,
				86D737042C5A84BD00078D47 /* 3D */,
				43D7561E2C57730400D52E06 /* Manager */,
				43D7561D2C57355000D52E06 /* Model */,
				864031762C5B5D8300666B91 /* Extension */,
				86034B992C51DAA5006106BC /* Assets.xcassets */,
				86034B9B2C51DAA5006106BC /* Preview Content */,
			);
			path = Sgrr;
			sourceTree = "<group>";
		};
		86034B9B2C51DAA5006106BC /* Preview Content */ = {
			isa = PBXGroup;
			children = (
				860C87E82C535D4C00D9FC24 /* cakeModel.usdz */,
				860C87E72C535D4C00D9FC24 /* cakeTray.usdz */,
				86034B9C2C51DAA5006106BC /* Preview Assets.xcassets */,
			);
			path = "Preview Content";
			sourceTree = "<group>";
		};
		864031722C5B5C8A00666B91 /* Home */ = {
			isa = PBXGroup;
			children = (
				864031732C5B5CA200666B91 /* HomeView.swift */,
			);
			path = Home;
			sourceTree = "<group>";
		};
		864031752C5B5D6300666B91 /* Orderform */ = {
			isa = PBXGroup;
			children = (
				953EC5F82C53C6B2002E5876 /* OrderFormView.swift */,
				95DC46822C5A23FE00AFC976 /* ColorCell.swift */,
				864031772C5B5E3200666B91 /* ConceptView.swift */,
				864031792C5B5E5100666B91 /* ElementView.swift */,
				95EEC50E2C635D290043C23D /* TextfieldCell.swift */,
				95EEC50C2C634E9F0043C23D /* ImageCell.swift */,
			);
			path = Orderform;
			sourceTree = "<group>";
		};
		864031762C5B5D8300666B91 /* Extension */ = {
			isa = PBXGroup;
			children = (
				95EACC382C58E3E900F64E8F /* Extension.swift */,
				864031A72C5B925400666B91 /* Extension+Font.swift */,
				A86B9E6A2C61541A00DB8F42 /* Extention+View.swift */,
			);
			path = Extension;
			sourceTree = "<group>";
		};
		86D737042C5A84BD00078D47 /* 3D */ = {
			isa = PBXGroup;
			children = (
				86034BA92C5234CB006106BC /* Cake3DView.swift */,
				860C880D2C58C74B00D9FC24 /* CakeCanvasView.swift */,
				8640316D2C5B582500666B91 /* CakeView.swift */,
				43DB14A72C5F961400F722D6 /* CanvasBG.swift */,
				43DB14A92C5F963100F722D6 /* DraggableImage.swift */,
			);
			path = 3D;
			sourceTree = "<group>";
		};
/* End PBXGroup section */

/* Begin PBXNativeTarget section */
		86034B912C51DAA4006106BC /* Sgrr */ = {
			isa = PBXNativeTarget;
			buildConfigurationList = 86034BA52C51DAA5006106BC /* Build configuration list for PBXNativeTarget "Sgrr" */;
			buildPhases = (
				86034B8E2C51DAA4006106BC /* Sources */,
				86034B8F2C51DAA4006106BC /* Frameworks */,
				86034B902C51DAA4006106BC /* Resources */,
			);
			buildRules = (
			);
			dependencies = (
			);
			name = Sgrr;
			productName = Sgrr;
			productReference = 86034B922C51DAA4006106BC /* Sgrr.app */;
			productType = "com.apple.product-type.application";
		};
/* End PBXNativeTarget section */

/* Begin PBXProject section */
		86034B8A2C51DAA4006106BC /* Project object */ = {
			isa = PBXProject;
			attributes = {
				BuildIndependentTargetsInParallel = 1;
				LastSwiftUpdateCheck = 1530;
				LastUpgradeCheck = 1530;
				TargetAttributes = {
					86034B912C51DAA4006106BC = {
						CreatedOnToolsVersion = 15.3;
					};
				};
			};
			buildConfigurationList = 86034B8D2C51DAA4006106BC /* Build configuration list for PBXProject "Sgrr" */;
			compatibilityVersion = "Xcode 14.0";
			developmentRegion = en;
			hasScannedForEncodings = 0;
			knownRegions = (
				en,
				Base,
			);
			mainGroup = 86034B892C51DAA4006106BC;
			productRefGroup = 86034B932C51DAA4006106BC /* Products */;
			projectDirPath = "";
			projectRoot = "";
			targets = (
				86034B912C51DAA4006106BC /* Sgrr */,
			);
		};
/* End PBXProject section */

/* Begin PBXResourcesBuildPhase section */
		86034B902C51DAA4006106BC /* Resources */ = {
			isa = PBXResourcesBuildPhase;
			buildActionMask = 2147483647;
			files = (
				43DB14882C5C642300F722D6 /* SFProDisplay-Medium.otf in Resources */,
				86034B9D2C51DAA5006106BC /* Preview Assets.xcassets in Resources */,
				86034B9A2C51DAA5006106BC /* Assets.xcassets in Resources */,
				43DB14892C5C642300F722D6 /* SFProDisplay-Semibold.otf in Resources */,
				860C87E92C535D4C00D9FC24 /* cakeTray.usdz in Resources */,
				860C87EA2C535D4C00D9FC24 /* cakeModel.usdz in Resources */,
				43DB148A2C5C642300F722D6 /* SFProDisplay-Bold.otf in Resources */,
				43DB148B2C5C642300F722D6 /* SFProDisplay-Regular.otf in Resources */,
				43DB14832C5C63E100F722D6 /* GmarketSansMedium.otf in Resources */,
				43DB148D2C5C643A00F722D6 /* SFProRounded-Semibold.otf in Resources */,
				43DB14922C5C6A8700F722D6 /* JCfg.ttf in Resources */,
			);
			runOnlyForDeploymentPostprocessing = 0;
		};
/* End PBXResourcesBuildPhase section */

/* Begin PBXSourcesBuildPhase section */
		86034B8E2C51DAA4006106BC /* Sources */ = {
			isa = PBXSourcesBuildPhase;
			buildActionMask = 2147483647;
			files = (
				431DD7502C63CF6800DE1AA5 /* OrderFormEntity+CoreDataClass.swift in Sources */,
				431DD7512C63CF6800DE1AA5 /* OrderFormEntity+CoreDataProperties.swift in Sources */,
				431DD7522C63CF6800DE1AA5 /* CakeElementEntity+CoreDataClass.swift in Sources */,
				431DD7532C63CF6800DE1AA5 /* CakeElementEntity+CoreDataProperties.swift in Sources */,
				953EC5F92C53C6B2002E5876 /* OrderFormView.swift in Sources */,
				864031782C5B5E3200666B91 /* ConceptView.swift in Sources */,
				864031742C5B5CA200666B91 /* HomeView.swift in Sources */,
				95DC46832C5A23FE00AFC976 /* ColorCell.swift in Sources */,
				43DB14A82C5F961400F722D6 /* CanvasBG.swift in Sources */,
				A86B9E6B2C61541A00DB8F42 /* Extention+View.swift in Sources */,
				431DD74B2C63CEFE00DE1AA5 /* CoredataManager.swift in Sources */,
				864031A82C5B925400666B91 /* Extension+Font.swift in Sources */,
				95EEC50F2C635D290043C23D /* TextfieldCell.swift in Sources */,
				43DB14AA2C5F963100F722D6 /* DraggableImage.swift in Sources */,
				95EACC392C58E3E900F64E8F /* Extension.swift in Sources */,
				95EEC50D2C634E9F0043C23D /* ImageCell.swift in Sources */,
				86034BAA2C5234CB006106BC /* Cake3DView.swift in Sources */,
				86034B962C51DAA4006106BC /* SgrrApp.swift in Sources */,
				8640316E2C5B582500666B91 /* CakeView.swift in Sources */,
				86034BA22C51DAA5006106BC /* Sgrr.xcdatamodeld in Sources */,
				43DB14A42C5EBDF400F722D6 /* FinalColorComponent.swift in Sources */,
				43DB14A22C5EA3E600F722D6 /* FinalElementKeywordComponent.swift in Sources */,
				8640317A2C5B5E5100666B91 /* ElementView.swift in Sources */,
				43DB14952C5C7AAB00F722D6 /* FinalGuideView.swift in Sources */,
				864031702C5B5C4D00666B91 /* Router.swift in Sources */,
				43DB14A02C5EA3C600F722D6 /* GuideImageComponent.swift in Sources */,
				860C880E2C58C74B00D9FC24 /* CakeCanvasView.swift in Sources */,
				43D4330E2C6210F70021DBEB /* FinalConceptKeywordComponent.swift in Sources */,
				86D737062C5A887200078D47 /* Cake.swift in Sources */,
			);
			runOnlyForDeploymentPostprocessing = 0;
		};
/* End PBXSourcesBuildPhase section */

/* Begin XCBuildConfiguration section */
		86034BA32C51DAA5006106BC /* Debug */ = {
			isa = XCBuildConfiguration;
			buildSettings = {
				ALWAYS_SEARCH_USER_PATHS = NO;
				ASSETCATALOG_COMPILER_GENERATE_SWIFT_ASSET_SYMBOL_EXTENSIONS = YES;
				CLANG_ANALYZER_NONNULL = YES;
				CLANG_ANALYZER_NUMBER_OBJECT_CONVERSION = YES_AGGRESSIVE;
				CLANG_CXX_LANGUAGE_STANDARD = "gnu++20";
				CLANG_ENABLE_MODULES = YES;
				CLANG_ENABLE_OBJC_ARC = YES;
				CLANG_ENABLE_OBJC_WEAK = YES;
				CLANG_WARN_BLOCK_CAPTURE_AUTORELEASING = YES;
				CLANG_WARN_BOOL_CONVERSION = YES;
				CLANG_WARN_COMMA = YES;
				CLANG_WARN_CONSTANT_CONVERSION = YES;
				CLANG_WARN_DEPRECATED_OBJC_IMPLEMENTATIONS = YES;
				CLANG_WARN_DIRECT_OBJC_ISA_USAGE = YES_ERROR;
				CLANG_WARN_DOCUMENTATION_COMMENTS = YES;
				CLANG_WARN_EMPTY_BODY = YES;
				CLANG_WARN_ENUM_CONVERSION = YES;
				CLANG_WARN_INFINITE_RECURSION = YES;
				CLANG_WARN_INT_CONVERSION = YES;
				CLANG_WARN_NON_LITERAL_NULL_CONVERSION = YES;
				CLANG_WARN_OBJC_IMPLICIT_RETAIN_SELF = YES;
				CLANG_WARN_OBJC_LITERAL_CONVERSION = YES;
				CLANG_WARN_OBJC_ROOT_CLASS = YES_ERROR;
				CLANG_WARN_QUOTED_INCLUDE_IN_FRAMEWORK_HEADER = YES;
				CLANG_WARN_RANGE_LOOP_ANALYSIS = YES;
				CLANG_WARN_STRICT_PROTOTYPES = YES;
				CLANG_WARN_SUSPICIOUS_MOVE = YES;
				CLANG_WARN_UNGUARDED_AVAILABILITY = YES_AGGRESSIVE;
				CLANG_WARN_UNREACHABLE_CODE = YES;
				CLANG_WARN__DUPLICATE_METHOD_MATCH = YES;
				COPY_PHASE_STRIP = NO;
				DEBUG_INFORMATION_FORMAT = dwarf;
				ENABLE_STRICT_OBJC_MSGSEND = YES;
				ENABLE_TESTABILITY = YES;
				ENABLE_USER_SCRIPT_SANDBOXING = YES;
				GCC_C_LANGUAGE_STANDARD = gnu17;
				GCC_DYNAMIC_NO_PIC = NO;
				GCC_NO_COMMON_BLOCKS = YES;
				GCC_OPTIMIZATION_LEVEL = 0;
				GCC_PREPROCESSOR_DEFINITIONS = (
					"DEBUG=1",
					"$(inherited)",
				);
				GCC_WARN_64_TO_32_BIT_CONVERSION = YES;
				GCC_WARN_ABOUT_RETURN_TYPE = YES_ERROR;
				GCC_WARN_UNDECLARED_SELECTOR = YES;
				GCC_WARN_UNINITIALIZED_AUTOS = YES_AGGRESSIVE;
				GCC_WARN_UNUSED_FUNCTION = YES;
				GCC_WARN_UNUSED_VARIABLE = YES;
				IPHONEOS_DEPLOYMENT_TARGET = 17.4;
				LOCALIZATION_PREFERS_STRING_CATALOGS = YES;
				MTL_ENABLE_DEBUG_INFO = INCLUDE_SOURCE;
				MTL_FAST_MATH = YES;
				ONLY_ACTIVE_ARCH = YES;
				SDKROOT = iphoneos;
				SWIFT_ACTIVE_COMPILATION_CONDITIONS = "DEBUG $(inherited)";
				SWIFT_OPTIMIZATION_LEVEL = "-Onone";
			};
			name = Debug;
		};
		86034BA42C51DAA5006106BC /* Release */ = {
			isa = XCBuildConfiguration;
			buildSettings = {
				ALWAYS_SEARCH_USER_PATHS = NO;
				ASSETCATALOG_COMPILER_GENERATE_SWIFT_ASSET_SYMBOL_EXTENSIONS = YES;
				CLANG_ANALYZER_NONNULL = YES;
				CLANG_ANALYZER_NUMBER_OBJECT_CONVERSION = YES_AGGRESSIVE;
				CLANG_CXX_LANGUAGE_STANDARD = "gnu++20";
				CLANG_ENABLE_MODULES = YES;
				CLANG_ENABLE_OBJC_ARC = YES;
				CLANG_ENABLE_OBJC_WEAK = YES;
				CLANG_WARN_BLOCK_CAPTURE_AUTORELEASING = YES;
				CLANG_WARN_BOOL_CONVERSION = YES;
				CLANG_WARN_COMMA = YES;
				CLANG_WARN_CONSTANT_CONVERSION = YES;
				CLANG_WARN_DEPRECATED_OBJC_IMPLEMENTATIONS = YES;
				CLANG_WARN_DIRECT_OBJC_ISA_USAGE = YES_ERROR;
				CLANG_WARN_DOCUMENTATION_COMMENTS = YES;
				CLANG_WARN_EMPTY_BODY = YES;
				CLANG_WARN_ENUM_CONVERSION = YES;
				CLANG_WARN_INFINITE_RECURSION = YES;
				CLANG_WARN_INT_CONVERSION = YES;
				CLANG_WARN_NON_LITERAL_NULL_CONVERSION = YES;
				CLANG_WARN_OBJC_IMPLICIT_RETAIN_SELF = YES;
				CLANG_WARN_OBJC_LITERAL_CONVERSION = YES;
				CLANG_WARN_OBJC_ROOT_CLASS = YES_ERROR;
				CLANG_WARN_QUOTED_INCLUDE_IN_FRAMEWORK_HEADER = YES;
				CLANG_WARN_RANGE_LOOP_ANALYSIS = YES;
				CLANG_WARN_STRICT_PROTOTYPES = YES;
				CLANG_WARN_SUSPICIOUS_MOVE = YES;
				CLANG_WARN_UNGUARDED_AVAILABILITY = YES_AGGRESSIVE;
				CLANG_WARN_UNREACHABLE_CODE = YES;
				CLANG_WARN__DUPLICATE_METHOD_MATCH = YES;
				COPY_PHASE_STRIP = NO;
				DEBUG_INFORMATION_FORMAT = "dwarf-with-dsym";
				ENABLE_NS_ASSERTIONS = NO;
				ENABLE_STRICT_OBJC_MSGSEND = YES;
				ENABLE_USER_SCRIPT_SANDBOXING = YES;
				GCC_C_LANGUAGE_STANDARD = gnu17;
				GCC_NO_COMMON_BLOCKS = YES;
				GCC_WARN_64_TO_32_BIT_CONVERSION = YES;
				GCC_WARN_ABOUT_RETURN_TYPE = YES_ERROR;
				GCC_WARN_UNDECLARED_SELECTOR = YES;
				GCC_WARN_UNINITIALIZED_AUTOS = YES_AGGRESSIVE;
				GCC_WARN_UNUSED_FUNCTION = YES;
				GCC_WARN_UNUSED_VARIABLE = YES;
				IPHONEOS_DEPLOYMENT_TARGET = 17.4;
				LOCALIZATION_PREFERS_STRING_CATALOGS = YES;
				MTL_ENABLE_DEBUG_INFO = NO;
				MTL_FAST_MATH = YES;
				SDKROOT = iphoneos;
				SWIFT_COMPILATION_MODE = wholemodule;
				VALIDATE_PRODUCT = YES;
			};
			name = Release;
		};
		86034BA62C51DAA5006106BC /* Debug */ = {
			isa = XCBuildConfiguration;
			buildSettings = {
				ASSETCATALOG_COMPILER_APPICON_NAME = AppIcon;
				ASSETCATALOG_COMPILER_GLOBAL_ACCENT_COLOR_NAME = AccentColor;
				CODE_SIGN_STYLE = Automatic;
				CURRENT_PROJECT_VERSION = 1;
				DEVELOPMENT_ASSET_PATHS = "\"Sgrr/Preview Content\"";
				DEVELOPMENT_TEAM = L72ZFX76S7;
				ENABLE_PREVIEWS = YES;
				GENERATE_INFOPLIST_FILE = YES;
				INFOPLIST_FILE = Sgrr/Info.plist;
				INFOPLIST_KEY_NSPhotoLibraryUsageDescription = "이미지 저장을 위해 갤러리를 사용합니다.";
				INFOPLIST_KEY_UIApplicationSceneManifest_Generation = YES;
				INFOPLIST_KEY_UIApplicationSupportsIndirectInputEvents = YES;
				INFOPLIST_KEY_UILaunchScreen_Generation = YES;
				INFOPLIST_KEY_UISupportedInterfaceOrientations_iPad = "UIInterfaceOrientationPortrait UIInterfaceOrientationPortraitUpsideDown UIInterfaceOrientationLandscapeLeft UIInterfaceOrientationLandscapeRight";
				INFOPLIST_KEY_UISupportedInterfaceOrientations_iPhone = "UIInterfaceOrientationPortrait UIInterfaceOrientationLandscapeLeft UIInterfaceOrientationLandscapeRight";
				LD_RUNPATH_SEARCH_PATHS = (
					"$(inherited)",
					"@executable_path/Frameworks",
				);
				MARKETING_VERSION = 1.0;
				PRODUCT_BUNDLE_IDENTIFIER = dora.Sgrr;
				PRODUCT_NAME = "$(TARGET_NAME)";
				SWIFT_EMIT_LOC_STRINGS = YES;
				SWIFT_VERSION = 5.0;
				TARGETED_DEVICE_FAMILY = "1,2";
			};
			name = Debug;
		};
		86034BA72C51DAA5006106BC /* Release */ = {
			isa = XCBuildConfiguration;
			buildSettings = {
				ASSETCATALOG_COMPILER_APPICON_NAME = AppIcon;
				ASSETCATALOG_COMPILER_GLOBAL_ACCENT_COLOR_NAME = AccentColor;
				CODE_SIGN_STYLE = Automatic;
				CURRENT_PROJECT_VERSION = 1;
				DEVELOPMENT_ASSET_PATHS = "\"Sgrr/Preview Content\"";
				DEVELOPMENT_TEAM = L72ZFX76S7;
				ENABLE_PREVIEWS = YES;
				GENERATE_INFOPLIST_FILE = YES;
				INFOPLIST_FILE = Sgrr/Info.plist;
				INFOPLIST_KEY_NSPhotoLibraryUsageDescription = "이미지 저장을 위해 갤러리를 사용합니다.";
				INFOPLIST_KEY_UIApplicationSceneManifest_Generation = YES;
				INFOPLIST_KEY_UIApplicationSupportsIndirectInputEvents = YES;
				INFOPLIST_KEY_UILaunchScreen_Generation = YES;
				INFOPLIST_KEY_UISupportedInterfaceOrientations_iPad = "UIInterfaceOrientationPortrait UIInterfaceOrientationPortraitUpsideDown UIInterfaceOrientationLandscapeLeft UIInterfaceOrientationLandscapeRight";
				INFOPLIST_KEY_UISupportedInterfaceOrientations_iPhone = "UIInterfaceOrientationPortrait UIInterfaceOrientationLandscapeLeft UIInterfaceOrientationLandscapeRight";
				LD_RUNPATH_SEARCH_PATHS = (
					"$(inherited)",
					"@executable_path/Frameworks",
				);
				MARKETING_VERSION = 1.0;
				PRODUCT_BUNDLE_IDENTIFIER = dora.Sgrr;
				PRODUCT_NAME = "$(TARGET_NAME)";
				SWIFT_EMIT_LOC_STRINGS = YES;
				SWIFT_VERSION = 5.0;
				TARGETED_DEVICE_FAMILY = "1,2";
			};
			name = Release;
		};
/* End XCBuildConfiguration section */

/* Begin XCConfigurationList section */
		86034B8D2C51DAA4006106BC /* Build configuration list for PBXProject "Sgrr" */ = {
			isa = XCConfigurationList;
			buildConfigurations = (
				86034BA32C51DAA5006106BC /* Debug */,
				86034BA42C51DAA5006106BC /* Release */,
			);
			defaultConfigurationIsVisible = 0;
			defaultConfigurationName = Release;
		};
		86034BA52C51DAA5006106BC /* Build configuration list for PBXNativeTarget "Sgrr" */ = {
			isa = XCConfigurationList;
			buildConfigurations = (
				86034BA62C51DAA5006106BC /* Debug */,
				86034BA72C51DAA5006106BC /* Release */,
			);
			defaultConfigurationIsVisible = 0;
			defaultConfigurationName = Release;
		};
/* End XCConfigurationList section */

/* Begin XCVersionGroup section */
		86034BA02C51DAA5006106BC /* Sgrr.xcdatamodeld */ = {
			isa = XCVersionGroup;
			children = (
				86034BA12C51DAA5006106BC /* Sgrr.xcdatamodel */,
			);
			currentVersion = 86034BA12C51DAA5006106BC /* Sgrr.xcdatamodel */;
			path = Sgrr.xcdatamodeld;
			sourceTree = "<group>";
			versionGroupType = wrapper.xcdatamodel;
		};
/* End XCVersionGroup section */
	};
	rootObject = 86034B8A2C51DAA4006106BC /* Project object */;
}
